<?xml version="1.0" encoding="utf-8"?>
<Project ToolsVersion="4.0" xmlns="http://schemas.microsoft.com/developer/msbuild/2003">
  <ItemGroup>
    <Filter Include="ソース ファイル">
      <UniqueIdentifier>{4FC737F1-C7A5-4376-A066-2A32D752A2FF}</UniqueIdentifier>
      <Extensions>cpp;c;cc;cxx;def;odl;idl;hpj;bat;asm;asmx</Extensions>
    </Filter>
    <Filter Include="ヘッダー ファイル">
      <UniqueIdentifier>{93995380-89BD-4b04-88EB-625FBE52EBFB}</UniqueIdentifier>
      <Extensions>h;hh;hpp;hxx;hm;inl;inc;ipp;xsd</Extensions>
    </Filter>
    <Filter Include="リソース ファイル">
      <UniqueIdentifier>{67DA6AB6-F800-4c08-8B7A-83BB121AAD01}</UniqueIdentifier>
      <Extensions>rc;ico;cur;bmp;dlg;rc2;rct;bin;rgs;gif;jpg;jpeg;jpe;resx;tiff;tif;png;wav;mfcribbon-ms</Extensions>
    </Filter>
    <Filter Include="ソース ファイル\NotesEditor">
      <UniqueIdentifier>{c6cbd684-a4a2-4dc5-8bb6-41884bf46329}</UniqueIdentifier>
    </Filter>
    <Filter Include="ソース ファイル\Game">
      <UniqueIdentifier>{a0129dd3-ac6b-407c-b044-ccd7ac55be96}</UniqueIdentifier>
    </Filter>
    <Filter Include="ソース ファイル\Game\Input">
      <UniqueIdentifier>{eca1deca-bb5e-4c94-861d-3cfbe6a3ce43}</UniqueIdentifier>
    </Filter>
    <Filter Include="ヘッダー ファイル\Game">
      <UniqueIdentifier>{a23add7d-9a60-4fd8-ae64-630eee9ed55b}</UniqueIdentifier>
    </Filter>
    <Filter Include="ヘッダー ファイル\Game\Input">
      <UniqueIdentifier>{7e120a32-d04c-405d-bed2-c4f31a0f9551}</UniqueIdentifier>
    </Filter>
    <Filter Include="ヘッダー ファイル\Game\Object">
      <UniqueIdentifier>{b2e22557-e313-48bc-8376-05b478f17d9e}</UniqueIdentifier>
    </Filter>
    <Filter Include="ヘッダー ファイル\Game\Object\GUI">
      <UniqueIdentifier>{dc9b2924-069a-4b94-b8f0-763b958e3332}</UniqueIdentifier>
    </Filter>
    <Filter Include="ヘッダー ファイル\NotesEditor">
      <UniqueIdentifier>{402e175a-8e8a-4248-b714-73874aff2f4e}</UniqueIdentifier>
    </Filter>
    <Filter Include="ヘッダー ファイル\Game\System/Interface">
      <UniqueIdentifier>{e51e395d-7d09-4106-a3ee-2d04be832e2b}</UniqueIdentifier>
    </Filter>
    <Filter Include="ソース ファイル\Game\Object">
      <UniqueIdentifier>{314d449f-1367-497d-9c24-a8cb22b6f2c1}</UniqueIdentifier>
    </Filter>
    <Filter Include="ソース ファイル\Game\Object\GUI">
      <UniqueIdentifier>{035583b7-5261-4de0-99af-bd010a42a21c}</UniqueIdentifier>
    </Filter>
    <Filter Include="ソース ファイル\Game\System/Interface">
      <UniqueIdentifier>{0a14c04b-f973-456c-8a90-aaef4d5035fa}</UniqueIdentifier>
    </Filter>
  </ItemGroup>
  <ItemGroup>
    <ClCompile Include="KeyInput.cpp">
      <Filter>ソース ファイル\Game\Input</Filter>
    </ClCompile>
    <ClCompile Include="Mouse.cpp">
      <Filter>ソース ファイル\Game\Input</Filter>
    </ClCompile>
    <ClCompile Include="Bar.cpp">
      <Filter>ソース ファイル\NotesEditor</Filter>
    </ClCompile>
    <ClCompile Include="BarManager.cpp">
      <Filter>ソース ファイル\NotesEditor</Filter>
    </ClCompile>
    <ClCompile Include="Editor.cpp">
      <Filter>ソース ファイル\NotesEditor</Filter>
    </ClCompile>
    <ClCompile Include="main.cpp">
      <Filter>ソース ファイル\NotesEditor</Filter>
    </ClCompile>
    <ClCompile Include="GameObject.cpp">
      <Filter>ソース ファイル\Game\Object</Filter>
    </ClCompile>
    <ClCompile Include="Button.cpp">
      <Filter>ソース ファイル\Game\Object\GUI</Filter>
    </ClCompile>
    <ClCompile Include="TextBox.cpp">
      <Filter>ソース ファイル\Game\Object\GUI</Filter>
    </ClCompile>
    <ClCompile Include="BaseScene.cpp">
      <Filter>ソース ファイル\Game\System/Interface</Filter>
    </ClCompile>
    <ClCompile Include="Camera2D.cpp">
      <Filter>ソース ファイル\Game\System/Interface</Filter>
    </ClCompile>
    <ClCompile Include="ISceneChanger.cpp">
      <Filter>ソース ファイル\Game\System/Interface</Filter>
    </ClCompile>
    <ClCompile Include="Music.cpp">
      <Filter>ソース ファイル\Game\System/Interface</Filter>
    </ClCompile>
    <ClCompile Include="OpenFileExplorer.cpp">
      <Filter>ソース ファイル\Game\System/Interface</Filter>
    </ClCompile>
    <ClCompile Include="SceneManager.cpp">
      <Filter>ソース ファイル\Game\System/Interface</Filter>
    </ClCompile>
  </ItemGroup>
  <ItemGroup>
    <ClInclude Include="Mouse.hpp">
      <Filter>ヘッダー ファイル\Game\Input</Filter>
    </ClInclude>
    <ClInclude Include="KeyInput.hpp">
      <Filter>ヘッダー ファイル\Game\Input</Filter>
    </ClInclude>
    <ClInclude Include="Button.hpp">
      <Filter>ヘッダー ファイル\Game\Object\GUI</Filter>
    </ClInclude>
    <ClInclude Include="Canvas.hpp">
      <Filter>ヘッダー ファイル\Game\Object\GUI</Filter>
    </ClInclude>
    <ClInclude Include="TextBox.hpp">
      <Filter>ヘッダー ファイル\Game\Object\GUI</Filter>
    </ClInclude>
    <ClInclude Include="GameObject.hpp">
      <Filter>ヘッダー ファイル\Game\Object</Filter>
    </ClInclude>
    <ClInclude Include="Bar.hpp">
      <Filter>ヘッダー ファイル\NotesEditor</Filter>
    </ClInclude>
    <ClInclude Include="BarManager.hpp">
      <Filter>ヘッダー ファイル\NotesEditor</Filter>
    </ClInclude>
    <ClInclude Include="Editor.hpp">
      <Filter>ヘッダー ファイル\NotesEditor</Filter>
    </ClInclude>
    <ClInclude Include="LongNotes.hpp">
      <Filter>ヘッダー ファイル\NotesEditor</Filter>
    </ClInclude>
    <ClInclude Include="Notes.hpp">
      <Filter>ヘッダー ファイル\NotesEditor</Filter>
    </ClInclude>
    <ClInclude Include="SlideNotes.hpp">
      <Filter>ヘッダー ファイル\NotesEditor</Filter>
    </ClInclude>
    <ClInclude Include="SceneManager.hpp">
      <Filter>ヘッダー ファイル\Game\System/Interface</Filter>
    </ClInclude>
    <ClInclude Include="BaseScene.hpp">
      <Filter>ヘッダー ファイル\Game\System/Interface</Filter>
    </ClInclude>
    <ClInclude Include="ISceneChanger.hpp">
      <Filter>ヘッダー ファイル\Game\System/Interface</Filter>
    </ClInclude>
    <ClInclude Include="FPS.hpp">
      <Filter>ヘッダー ファイル\Game\System/Interface</Filter>
    </ClInclude>
    <ClInclude Include="PlayableObj.hpp">
      <Filter>ヘッダー ファイル\Game\System/Interface</Filter>
    </ClInclude>
    <ClInclude Include="Singleton.hpp">
      <Filter>ヘッダー ファイル\Game\System/Interface</Filter>
    </ClInclude>
    <ClInclude Include="Delegate.hpp">
      <Filter>ヘッダー ファイル\Game\System/Interface</Filter>
    </ClInclude>
    <ClInclude Include="OpenFileExplorer.hpp">
      <Filter>ヘッダー ファイル\Game\System/Interface</Filter>
    </ClInclude>
    <ClInclude Include="Music.hpp">
      <Filter>ヘッダー ファイル\Game\System/Interface</Filter>
    </ClInclude>
    <ClInclude Include="Task.hpp">
      <Filter>ヘッダー ファイル\Game\System/Interface</Filter>
    </ClInclude>
    <ClInclude Include="Camera2D.hpp">
      <Filter>ヘッダー ファイル\Game\System/Interface</Filter>
    </ClInclude>
    <ClInclude Include="UIManager.hpp">
      <Filter>ヘッダー ファイル\Game\System/Interface</Filter>
    </ClInclude>
    <ClInclude Include="Vector2D.hpp">
      <Filter>ヘッダー ファイル\Game\System/Interface</Filter>
    </ClInclude>
    <ClInclude Include="WindowSize.hpp">
      <Filter>ヘッダー ファイル\Game\System/Interface</Filter>
    </ClInclude>
    <ClInclude Include="picojson.h">
      <Filter>ヘッダー ファイル\Game\System/Interface</Filter>
    </ClInclude>
  </ItemGroup>
</Project>