<?xml version="1.0" encoding="utf-8"?>
<Project ToolsVersion="4.0" xmlns="http://schemas.microsoft.com/developer/msbuild/2003">
  <ItemGroup>
    <Filter Include="ソース ファイル">
      <UniqueIdentifier>{4FC737F1-C7A5-4376-A066-2A32D752A2FF}</UniqueIdentifier>
      <Extensions>cpp;c;cc;cxx;def;odl;idl;hpj;bat;asm;asmx</Extensions>
    </Filter>
    <Filter Include="ヘッダー ファイル">
      <UniqueIdentifier>{93995380-89BD-4b04-88EB-625FBE52EBFB}</UniqueIdentifier>
      <Extensions>h;hh;hpp;hxx;hm;inl;inc;ipp;xsd</Extensions>
    </Filter>
    <Filter Include="リソース ファイル">
      <UniqueIdentifier>{67DA6AB6-F800-4c08-8B7A-83BB121AAD01}</UniqueIdentifier>
      <Extensions>rc;ico;cur;bmp;dlg;rc2;rct;bin;rgs;gif;jpg;jpeg;jpe;resx;tiff;tif;png;wav;mfcribbon-ms</Extensions>
    </Filter>
    <Filter Include="ソース ファイル\Input">
      <UniqueIdentifier>{6eaecaeb-733e-4b29-9ea9-4fc0ec32fce6}</UniqueIdentifier>
    </Filter>
    <Filter Include="ソース ファイル\Scene">
      <UniqueIdentifier>{f48271ae-f435-48c3-9722-a5f1319fac0a}</UniqueIdentifier>
    </Filter>
    <Filter Include="ソース ファイル\Object">
      <UniqueIdentifier>{ae800a33-459d-48c0-880a-b767441b0007}</UniqueIdentifier>
    </Filter>
    <Filter Include="ソース ファイル\Object\GUI">
      <UniqueIdentifier>{b2c41c1e-0b36-48cc-b7c6-db1e5f32a9fc}</UniqueIdentifier>
    </Filter>
    <Filter Include="ソース ファイル\Object\GameObject">
      <UniqueIdentifier>{20a8b7ba-cc70-4f18-adb3-dcf11402ca22}</UniqueIdentifier>
    </Filter>
    <Filter Include="ヘッダー ファイル\Game">
      <UniqueIdentifier>{52321279-388d-44f7-8f00-5d946961b8e9}</UniqueIdentifier>
    </Filter>
    <Filter Include="ヘッダー ファイル\Game\Input">
      <UniqueIdentifier>{827a3b83-55ec-4732-a6fb-8ad169213bea}</UniqueIdentifier>
    </Filter>
    <Filter Include="ヘッダー ファイル\Game\Component">
      <UniqueIdentifier>{310220c2-e33e-45ef-afa7-46bd0583fb3c}</UniqueIdentifier>
    </Filter>
    <Filter Include="ヘッダー ファイル\Game\Objects">
      <UniqueIdentifier>{3afe9336-d0dd-4c38-b1a2-bb41820702cb}</UniqueIdentifier>
    </Filter>
    <Filter Include="ヘッダー ファイル\Game\Objects\GUI">
      <UniqueIdentifier>{a81fac7b-4753-44a8-b38d-24b60478f789}</UniqueIdentifier>
    </Filter>
    <Filter Include="ヘッダー ファイル\Game\Objects\GameObject">
      <UniqueIdentifier>{00ff35a5-aaf1-490c-ad6d-93bbcb557ddd}</UniqueIdentifier>
    </Filter>
    <Filter Include="ヘッダー ファイル\Game\Scene">
      <UniqueIdentifier>{f254e7ef-609a-4c6f-8acb-29580dc26395}</UniqueIdentifier>
    </Filter>
    <Filter Include="ソース ファイル\Component">
      <UniqueIdentifier>{58d69a34-33cf-4cb8-b334-7363d7c2cded}</UniqueIdentifier>
    </Filter>
    <Filter Include="ソース ファイル\Component\Collision">
      <UniqueIdentifier>{a39f8e20-062d-47c1-b465-f9ba1fa36158}</UniqueIdentifier>
    </Filter>
    <Filter Include="ヘッダー ファイル\Game\Component\Collision">
      <UniqueIdentifier>{6f9a2d53-6f72-4c1d-8fcd-03b30fcc56e7}</UniqueIdentifier>
    </Filter>
    <Filter Include="ヘッダー ファイル\Game\Objects\Polygon">
      <UniqueIdentifier>{d2ac2e8f-cdee-455f-b89c-0ab10bf62e44}</UniqueIdentifier>
    </Filter>
    <Filter Include="ヘッダー ファイル\NotesEditor">
      <UniqueIdentifier>{2e974b63-3aeb-4cba-9641-10ff2f2c1899}</UniqueIdentifier>
    </Filter>
    <Filter Include="ソース ファイル\Object\Polygon">
      <UniqueIdentifier>{c636a7ff-999a-4aa3-b798-1b44723a03da}</UniqueIdentifier>
    </Filter>
    <Filter Include="ヘッダー ファイル\Game\Component\Collider">
      <UniqueIdentifier>{1a61dc66-d37e-434f-8ecd-19cd566a58d5}</UniqueIdentifier>
    </Filter>
  </ItemGroup>
  <ItemGroup>
    <ClCompile Include="src\main.cpp">
      <Filter>ソース ファイル</Filter>
    </ClCompile>
    <ClCompile Include="src\EditScene.cpp">
      <Filter>ソース ファイル</Filter>
    </ClCompile>
    <ClCompile Include="src\BaseScene.cpp">
      <Filter>ソース ファイル\Scene</Filter>
    </ClCompile>
    <ClCompile Include="src\ISceneChanger.cpp">
      <Filter>ソース ファイル\Scene</Filter>
    </ClCompile>
    <ClCompile Include="src\SceneManager.cpp">
      <Filter>ソース ファイル\Scene</Filter>
    </ClCompile>
    <ClCompile Include="src\Keyboard.cpp">
      <Filter>ソース ファイル\Input</Filter>
    </ClCompile>
    <ClCompile Include="src\Mouse.cpp">
      <Filter>ソース ファイル\Input</Filter>
    </ClCompile>
    <ClCompile Include="src\InputDevice.cpp">
      <Filter>ソース ファイル\Input</Filter>
    </ClCompile>
    <ClCompile Include="src\GameObject.cpp">
      <Filter>ソース ファイル\Object\GameObject</Filter>
    </ClCompile>
    <ClCompile Include="src\Canvas.cpp">
      <Filter>ソース ファイル\Object\GUI</Filter>
    </ClCompile>
    <ClCompile Include="src\EditorSceneCanvas.cpp">
      <Filter>ソース ファイル</Filter>
    </ClCompile>
    <ClCompile Include="src\Button.cpp">
      <Filter>ソース ファイル\Object\GUI</Filter>
    </ClCompile>
    <ClCompile Include="src\Texture.cpp">
      <Filter>ソース ファイル\Component</Filter>
    </ClCompile>
    <ClCompile Include="src\PointAndPolygon.cpp">
      <Filter>ソース ファイル\Component\Collision</Filter>
    </ClCompile>
    <ClCompile Include="src\Polygon.cpp">
      <Filter>ソース ファイル\Object\Polygon</Filter>
    </ClCompile>
    <ClCompile Include="src\TextureButton.cpp">
      <Filter>ソース ファイル\Object\GUI</Filter>
    </ClCompile>
    <ClCompile Include="src\TextureButtonRect.cpp">
      <Filter>ソース ファイル\Object\GUI</Filter>
    </ClCompile>
    <ClCompile Include="src\CrossingNumberAlgorithm.cpp">
      <Filter>ソース ファイル\Component\Collision</Filter>
    </ClCompile>
    <ClCompile Include="src\BoxCollider.cpp">
      <Filter>ソース ファイル</Filter>
    </ClCompile>
    <ClCompile Include="src\PointWithPolygon.cpp">
      <Filter>ソース ファイル</Filter>
    </ClCompile>
  </ItemGroup>
  <ItemGroup>
    <ClInclude Include="src\Singleton.hpp">
      <Filter>ヘッダー ファイル</Filter>
    </ClInclude>
    <ClInclude Include="src\BaseScene.hpp">
      <Filter>ヘッダー ファイル\Game\Scene</Filter>
    </ClInclude>
    <ClInclude Include="src\IScene.hpp">
      <Filter>ヘッダー ファイル\Game\Scene</Filter>
    </ClInclude>
    <ClInclude Include="src\ISceneChanger.hpp">
      <Filter>ヘッダー ファイル\Game\Scene</Filter>
    </ClInclude>
    <ClInclude Include="src\SceneManager.hpp">
      <Filter>ヘッダー ファイル\Game\Scene</Filter>
    </ClInclude>
    <ClInclude Include="src\Mouse.hpp">
      <Filter>ヘッダー ファイル\Game\Input</Filter>
    </ClInclude>
    <ClInclude Include="src\Keyboard.hpp">
      <Filter>ヘッダー ファイル\Game\Input</Filter>
    </ClInclude>
    <ClInclude Include="src\IInputDevice.hpp">
      <Filter>ヘッダー ファイル\Game\Input</Filter>
    </ClInclude>
    <ClInclude Include="src\InputDevice.hpp">
      <Filter>ヘッダー ファイル\Game\Input</Filter>
    </ClInclude>
    <ClInclude Include="src\InputDeviceContainer.hpp">
      <Filter>ヘッダー ファイル\Game\Input</Filter>
    </ClInclude>
    <ClInclude Include="src\Transform.hpp">
      <Filter>ヘッダー ファイル\Game\Component</Filter>
    </ClInclude>
    <ClInclude Include="src\Texture.hpp">
      <Filter>ヘッダー ファイル\Game\Component</Filter>
    </ClInclude>
    <ClInclude Include="src\GUI.hpp">
      <Filter>ヘッダー ファイル\Game\Objects\GUI</Filter>
    </ClInclude>
    <ClInclude Include="src\GameObject.hpp">
      <Filter>ヘッダー ファイル\Game\Objects\GameObject</Filter>
    </ClInclude>
    <ClInclude Include="src\Canvas.hpp">
      <Filter>ヘッダー ファイル\Game\Objects\GUI</Filter>
    </ClInclude>
    <ClInclude Include="src\ICanvas.hpp">
      <Filter>ヘッダー ファイル\Game\Objects\GUI</Filter>
    </ClInclude>
    <ClInclude Include="src\EditScene.hpp">
      <Filter>ヘッダー ファイル\NotesEditor</Filter>
    </ClInclude>
    <ClInclude Include="src\FPS.hpp">
      <Filter>ヘッダー ファイル\Game</Filter>
    </ClInclude>
    <ClInclude Include="src\Game.hpp">
      <Filter>ヘッダー ファイル</Filter>
    </ClInclude>
    <ClInclude Include="src\EditorSceneCanvas.hpp">
      <Filter>ヘッダー ファイル\NotesEditor</Filter>
    </ClInclude>
    <ClInclude Include="src\Position.hpp">
      <Filter>ヘッダー ファイル\Game\Component</Filter>
    </ClInclude>
    <ClInclude Include="src\Rotation.hpp">
      <Filter>ヘッダー ファイル\Game\Component</Filter>
    </ClInclude>
    <ClInclude Include="src\Size.hpp">
      <Filter>ヘッダー ファイル\Game\Component</Filter>
    </ClInclude>
    <ClInclude Include="src\TestObject.h">
      <Filter>ヘッダー ファイル\Game\Objects</Filter>
    </ClInclude>
    <ClInclude Include="src\Button.hpp">
      <Filter>ヘッダー ファイル\Game\Objects\GUI</Filter>
    </ClInclude>
    <ClInclude Include="src\TextureButton.hpp">
      <Filter>ヘッダー ファイル\Game\Objects\GUI</Filter>
    </ClInclude>
    <ClInclude Include="src\PointAndPolygonImpl.hpp">
      <Filter>ヘッダー ファイル\Game\Component\Collision</Filter>
    </ClInclude>
    <ClInclude Include="src\PointAndPolygon.hpp">
      <Filter>ヘッダー ファイル\Game\Component\Collision</Filter>
    </ClInclude>
    <ClInclude Include="src\PointAndRectangle.hpp">
      <Filter>ヘッダー ファイル\Game\Component\Collision</Filter>
    </ClInclude>
    <ClInclude Include="src\Rectangle.hpp">
      <Filter>ヘッダー ファイル\Game\Objects\Polygon</Filter>
    </ClInclude>
    <ClInclude Include="src\TextureButtonRect.hpp">
      <Filter>ヘッダー ファイル\Game\Objects\GUI</Filter>
    </ClInclude>
    <ClInclude Include="src\Point.hpp">
      <Filter>ヘッダー ファイル\Game\Objects\Polygon</Filter>
    </ClInclude>
    <ClInclude Include="src\Polygon.hpp">
      <Filter>ヘッダー ファイル\Game\Objects\Polygon</Filter>
    </ClInclude>
    <ClInclude Include="src\Collider.hpp">
      <Filter>ヘッダー ファイル\Game\Component\Collider</Filter>
    </ClInclude>
    <ClInclude Include="src\CrossingNumberAlgorithm.hpp">
      <Filter>ヘッダー ファイル\Game\Component\Collision</Filter>
    </ClInclude>
    <ClInclude Include="src\PointWithPolygon.hpp">
      <Filter>ヘッダー ファイル\Game\Component\Collision</Filter>
    </ClInclude>
    <ClInclude Include="src\ICollider.hpp">
      <Filter>ヘッダー ファイル\Game\Component\Collider</Filter>
    </ClInclude>
  </ItemGroup>
  <ItemGroup>
    <None Include="ClassDiagram.cd" />
    <None Include="src\BoxCollider.hpp">
      <Filter>ヘッダー ファイル\Game\Component\Collider</Filter>
    </None>
  </ItemGroup>
</Project>